
Microsoft Visual Studio Solution File, Format Version 12.00
# Visual Studio 15
VisualStudioVersion = 15.0.28010.2048
MinimumVisualStudioVersion = 10.0.40219.1
Project("{9A19103F-16F7-4668-BE54-9A1E7A4F7556}") = "Microservices.Base", "Microservices.Base\Microservices.Base\Microservices.Base.csproj", "{0D0BA117-3FAC-48C8-8466-FA5B3CB379C3}"
EndProject
Project("{9A19103F-16F7-4668-BE54-9A1E7A4F7556}") = "Microservices.Adapters.IWebApi", "Microservices.Adapters\Microservices.Adapters.IWebApi\Microservices.Adapters.IWebApi.csproj", "{42842327-01A7-45F3-B61E-579887D97E07}"
EndProject
Project("{9A19103F-16F7-4668-BE54-9A1E7A4F7556}") = "Microservices.Adapters.WebApi", "Microservices.Adapters\Microservices.Adapters.WebApi\Microservices.Adapters.WebApi.csproj", "{C4636905-9C18-4960-9394-A1284FCA5097}"
EndProject
Project("{9A19103F-16F7-4668-BE54-9A1E7A4F7556}") = "Microservices.WebApi", "Microservices.WebApi\Microservices.WebApi\Microservices.WebApi.csproj", "{FB06BEEC-C819-4ADE-B101-491D7BF6E0A4}"
EndProject
Project("{9A19103F-16F7-4668-BE54-9A1E7A4F7556}") = "TestService", "Microservices.WebApi\TestService\TestService.csproj", "{5CF3C30B-53FD-4287-A25E-1EA1F9CC754C}"
EndProject
Project("{FAE04EC0-301F-11D3-BF4B-00C04F79EFBC}") = "SampleWebApi", "SampleWebApi\SampleWebApi.csproj", "{C55D7818-5A00-4DA7-B1F7-728DAF9B520D}"
EndProject
Global
	GlobalSection(SolutionConfigurationPlatforms) = preSolution
		Debug|Any CPU = Debug|Any CPU
		Release|Any CPU = Release|Any CPU
	EndGlobalSection
	GlobalSection(ProjectConfigurationPlatforms) = postSolution
		{0D0BA117-3FAC-48C8-8466-FA5B3CB379C3}.Debug|Any CPU.ActiveCfg = Debug|Any CPU
		{0D0BA117-3FAC-48C8-8466-FA5B3CB379C3}.Debug|Any CPU.Build.0 = Debug|Any CPU
		{0D0BA117-3FAC-48C8-8466-FA5B3CB379C3}.Release|Any CPU.ActiveCfg = Release|Any CPU
		{0D0BA117-3FAC-48C8-8466-FA5B3CB379C3}.Release|Any CPU.Build.0 = Release|Any CPU
		{42842327-01A7-45F3-B61E-579887D97E07}.Debug|Any CPU.ActiveCfg = Debug|Any CPU
		{42842327-01A7-45F3-B61E-579887D97E07}.Debug|Any CPU.Build.0 = Debug|Any CPU
		{42842327-01A7-45F3-B61E-579887D97E07}.Release|Any CPU.ActiveCfg = Release|Any CPU
		{42842327-01A7-45F3-B61E-579887D97E07}.Release|Any CPU.Build.0 = Release|Any CPU
		{C4636905-9C18-4960-9394-A1284FCA5097}.Debug|Any CPU.ActiveCfg = Debug|Any CPU
		{C4636905-9C18-4960-9394-A1284FCA5097}.Debug|Any CPU.Build.0 = Debug|Any CPU
		{C4636905-9C18-4960-9394-A1284FCA5097}.Release|Any CPU.ActiveCfg = Release|Any CPU
		{C4636905-9C18-4960-9394-A1284FCA5097}.Release|Any CPU.Build.0 = Release|Any CPU
		{FB06BEEC-C819-4ADE-B101-491D7BF6E0A4}.Debug|Any CPU.ActiveCfg = Debug|Any CPU
		{FB06BEEC-C819-4ADE-B101-491D7BF6E0A4}.Debug|Any CPU.Build.0 = Debug|Any CPU
		{FB06BEEC-C819-4ADE-B101-491D7BF6E0A4}.Release|Any CPU.ActiveCfg = Release|Any CPU
		{FB06BEEC-C819-4ADE-B101-491D7BF6E0A4}.Release|Any CPU.Build.0 = Release|Any CPU
		{5CF3C30B-53FD-4287-A25E-1EA1F9CC754C}.Debug|Any CPU.ActiveCfg = Debug|Any CPU
		{5CF3C30B-53FD-4287-A25E-1EA1F9CC754C}.Debug|Any CPU.Build.0 = Debug|Any CPU
		{5CF3C30B-53FD-4287-A25E-1EA1F9CC754C}.Release|Any CPU.ActiveCfg = Release|Any CPU
		{5CF3C30B-53FD-4287-A25E-1EA1F9CC754C}.Release|Any CPU.Build.0 = Release|Any CPU
		{C55D7818-5A00-4DA7-B1F7-728DAF9B520D}.Debug|Any CPU.ActiveCfg = Debug|Any CPU
		{C55D7818-5A00-4DA7-B1F7-728DAF9B520D}.Debug|Any CPU.Build.0 = Debug|Any CPU
		{C55D7818-5A00-4DA7-B1F7-728DAF9B520D}.Release|Any CPU.ActiveCfg = Release|Any CPU
		{C55D7818-5A00-4DA7-B1F7-728DAF9B520D}.Release|Any CPU.Build.0 = Release|Any CPU
	EndGlobalSection
	GlobalSection(SolutionProperties) = preSolution
		HideSolutionNode = FALSE
	EndGlobalSection
	GlobalSection(ExtensibilityGlobals) = postSolution
		SolutionGuid = {4EA9AF26-CAA5-4E2E-B0AD-FC98155F0EBD}
	EndGlobalSection
EndGlobal
